
Microsoft Visual Studio Solution File, Format Version 12.00
# Visual Studio Version 17
VisualStudioVersion = 17.5.33627.172
MinimumVisualStudioVersion = 10.0.40219.1
Project("{FAE04EC0-301F-11D3-BF4B-00C04F79EFBC}") = "WinFormsApp1", "WinFormsApp1\WinFormsApp1.csproj", "{80A25C50-EDB0-4BEB-B58C-5209622173D5}"
EndProject
Global
	GlobalSection(SolutionConfigurationPlatforms) = preSolution
		Debug|Any CPU = Debug|Any CPU
		Release|Any CPU = Release|Any CPU
	EndGlobalSection
	GlobalSection(ProjectConfigurationPlatforms) = postSolution
		{80A25C50-EDB0-4BEB-B58C-5209622173D5}.Debug|Any CPU.ActiveCfg = Debug|Any CPU
		{80A25C50-EDB0-4BEB-B58C-5209622173D5}.Debug|Any CPU.Build.0 = Debug|Any CPU
		{80A25C50-EDB0-4BEB-B58C-5209622173D5}.Release|Any CPU.ActiveCfg = Release|Any CPU
		{80A25C50-EDB0-4BEB-B58C-5209622173D5}.Release|Any CPU.Build.0 = Release|Any CPU
	EndGlobalSection
	GlobalSection(SolutionProperties) = preSolution
		HideSolutionNode = FALSE
	EndGlobalSection
	GlobalSection(ExtensibilityGlobals) = postSolution
		SolutionGuid = {19664E23-EC2B-47B6-9560-9E76970299CC}
	EndGlobalSection
EndGlobal
